
Microsoft Visual Studio Solution File, Format Version 12.00
# Visual Studio Version 17
VisualStudioVersion = 17.11.35327.3
MinimumVisualStudioVersion = 10.0.40219.1
Project("{FAE04EC0-301F-11D3-BF4B-00C04F79EFBC}") = "CustomUrlScheme", "CustomUrlScheme\CustomUrlScheme.csproj", "{C62DECD6-150C-4CE1-81F5-9ECCB096AD0D}"
EndProject
Global
	GlobalSection(SolutionConfigurationPlatforms) = preSolution
		Debug|Any CPU = Debug|Any CPU
		Release|Any CPU = Release|Any CPU
	EndGlobalSection
	GlobalSection(ProjectConfigurationPlatforms) = postSolution
		{C62DECD6-150C-4CE1-81F5-9ECCB096AD0D}.Debug|Any CPU.ActiveCfg = Debug|Any CPU
		{C62DECD6-150C-4CE1-81F5-9ECCB096AD0D}.Debug|Any CPU.Build.0 = Debug|Any CPU
		{C62DECD6-150C-4CE1-81F5-9ECCB096AD0D}.Release|Any CPU.ActiveCfg = Release|Any CPU
		{C62DECD6-150C-4CE1-81F5-9ECCB096AD0D}.Release|Any CPU.Build.0 = Release|Any CPU
	EndGlobalSection
	GlobalSection(SolutionProperties) = preSolution
		HideSolutionNode = FALSE
	EndGlobalSection
	GlobalSection(ExtensibilityGlobals) = postSolution
		SolutionGuid = {7E8DED2C-677A-4299-BFB5-3302B2145CE4}
	EndGlobalSection
EndGlobal
